
Microsoft Visual Studio Solution File, Format Version 12.00
# Visual Studio Version 16
VisualStudioVersion = 16.0.30114.105
MinimumVisualStudioVersion = 10.0.40219.1
Project("{FAE04EC0-301F-11D3-BF4B-00C04F79EFBC}") = "xadrez-console", "xadrez-console.csproj", "{40CA7441-5A77-4641-A3F6-360ECF6440D7}"
EndProject
Global
	GlobalSection(SolutionConfigurationPlatforms) = preSolution
		Debug|Any CPU = Debug|Any CPU
		Release|Any CPU = Release|Any CPU
	EndGlobalSection
	GlobalSection(ProjectConfigurationPlatforms) = postSolution
		{40CA7441-5A77-4641-A3F6-360ECF6440D7}.Debug|Any CPU.ActiveCfg = Debug|Any CPU
		{40CA7441-5A77-4641-A3F6-360ECF6440D7}.Debug|Any CPU.Build.0 = Debug|Any CPU
		{40CA7441-5A77-4641-A3F6-360ECF6440D7}.Release|Any CPU.ActiveCfg = Release|Any CPU
		{40CA7441-5A77-4641-A3F6-360ECF6440D7}.Release|Any CPU.Build.0 = Release|Any CPU
	EndGlobalSection
	GlobalSection(SolutionProperties) = preSolution
		HideSolutionNode = FALSE
	EndGlobalSection
	GlobalSection(ExtensibilityGlobals) = postSolution
		SolutionGuid = {03DB047D-7055-49F4-A8DC-B5D7CF0199C3}
	EndGlobalSection
EndGlobal
